
Microsoft Visual Studio Solution File, Format Version 12.00
# Visual Studio Version 16
VisualStudioVersion = 16.0.30104.148
MinimumVisualStudioVersion = 10.0.40219.1
Project("{9A19103F-16F7-4668-BE54-9A1E7A4F7556}") = "Gorepo", "src\Gorepo\Gorepo.csproj", "{4827A770-6DC7-48F3-AB44-D86249471D41}"
EndProject
Global
	GlobalSection(SolutionConfigurationPlatforms) = preSolution
		Debug|Any CPU = Debug|Any CPU
		Release|Any CPU = Release|Any CPU
	EndGlobalSection
	GlobalSection(ProjectConfigurationPlatforms) = postSolution
		{4827A770-6DC7-48F3-AB44-D86249471D41}.Debug|Any CPU.ActiveCfg = Debug|Any CPU
		{4827A770-6DC7-48F3-AB44-D86249471D41}.Debug|Any CPU.Build.0 = Debug|Any CPU
		{4827A770-6DC7-48F3-AB44-D86249471D41}.Release|Any CPU.ActiveCfg = Release|Any CPU
		{4827A770-6DC7-48F3-AB44-D86249471D41}.Release|Any CPU.Build.0 = Release|Any CPU
	EndGlobalSection
	GlobalSection(SolutionProperties) = preSolution
		HideSolutionNode = FALSE
	EndGlobalSection
	GlobalSection(ExtensibilityGlobals) = postSolution
		SolutionGuid = {24CDF9EE-22AC-4595-ADE9-2CA88FBA69DA}
	EndGlobalSection
EndGlobal
